# This file is automatically @generated by Cargo.
# It is not intended for manual editing.
version = 4

[[package]]
name = "bitflags"
version = "1.2.1"
source = "registry+https://github.com/rust-lang/crates.io-index"
checksum = "cf1de2fe8c75bc145a2f577add951f8134889b4795d47466a54a5c846d691693"

[[package]]
name = "blurry"
version = "0.2.0"
source = "registry+https://github.com/rust-lang/crates.io-index"
checksum = "e62e49b3bac0f87a5eebff3401578dd48ab49c2dbc3655afb577106ad94613b3"
dependencies = [
 "crunch",
 "ttf-parser",
]

[[package]]
name = "build-default-font"
version = "0.0.1"
dependencies = [
 "suzy_build_tools",
]

[[package]]
name = "cfg-if"
version = "1.0.0"
source = "registry+https://github.com/rust-lang/crates.io-index"
checksum = "baf1de4339761588bc0619e3cbc0120ee582ebb74b53b4efbf79117bd2da40fd"

[[package]]
name = "crunch"
version = "0.5.3"
source = "registry+https://github.com/rust-lang/crates.io-index"
checksum = "0dc013e70da3bfe5b552de26a1f34ecf67d61ea811251d2bf75c1324a1ecb425"

[[package]]
name = "drying_paint"
version = "0.5.5"
source = "registry+https://github.com/rust-lang/crates.io-index"
checksum = "d4ebd841c4d97aae76d665c7d565b9e03b7a46dfb01a1109c085e45dc01165f4"

[[package]]
name = "inline_tweak"
version = "1.0.8"
source = "registry+https://github.com/rust-lang/crates.io-index"
checksum = "7033e97b20277cc0d043226d1940fa7719ff08d2305d1fc7421e53066d00eb4b"
dependencies = [
 "lazy_static",
]

[[package]]
name = "lazy_static"
version = "1.4.0"
source = "registry+https://github.com/rust-lang/crates.io-index"
checksum = "e2abad23fbc42b3700f2f279844dc832adb2b2eb069b2df918f455c4e18cc646"

[[package]]
name = "libc"
version = "0.2.155"
source = "registry+https://github.com/rust-lang/crates.io-index"
checksum = "97b3888a4aecf77e811145cadf6eef5901f4782c53886191b2f693f24761847c"

[[package]]
name = "sdl2"
version = "0.38.0"
source = "registry+https://github.com/rust-lang/crates.io-index"
checksum = "2d42407afc6a8ab67e36f92e80b8ba34cbdc55aaeed05249efe9a2e8d0e9feef"
dependencies = [
 "bitflags",
 "lazy_static",
 "libc",
 "sdl2-sys",
]

[[package]]
name = "sdl2-sys"
version = "0.38.0"
source = "registry+https://github.com/rust-lang/crates.io-index"
checksum = "3ff61407fc75d4b0bbc93dc7e4d6c196439965fbef8e4a4f003a36095823eac0"
dependencies = [
 "cfg-if",
 "libc",
 "version-compare",
]

[[package]]
name = "suzy"
version = "0.3.0-dev0"
dependencies = [
 "drying_paint",
 "inline_tweak",
 "sdl2",
 "suzy-default-font",
]

[[package]]
name = "suzy-default-font"
version = "0.0.1"

[[package]]
name = "suzy_build_tools"
version = "0.0.2-dev0"
dependencies = [
 "blurry",
]

[[package]]
name = "ttf-parser"
version = "0.18.1"
source = "registry+https://github.com/rust-lang/crates.io-index"
checksum = "0609f771ad9c6155384897e1df4d948e692667cc0588548b68eb44d052b27633"

[[package]]
name = "version-compare"
version = "0.1.1"
source = "registry+https://github.com/rust-lang/crates.io-index"
checksum = "579a42fc0b8e0c63b76519a339be31bed574929511fa53c1a3acae26eb258f29"
