# This file is automatically @generated by Cargo.
# It is not intended for manual editing.
version = 3

[[package]]
name = "bitflags"
version = "1.2.1"
source = "registry+https://github.com/rust-lang/crates.io-index"
checksum = "cf1de2fe8c75bc145a2f577add951f8134889b4795d47466a54a5c846d691693"

[[package]]
name = "blurry"
version = "0.2.0"
source = "registry+https://github.com/rust-lang/crates.io-index"
checksum = "e62e49b3bac0f87a5eebff3401578dd48ab49c2dbc3655afb577106ad94613b3"
dependencies = [
 "crunch",
 "ttf-parser",
]

[[package]]
name = "build-default-font"
version = "0.0.1"
dependencies = [
 "suzy_build_tools",
]

[[package]]
name = "cfg-if"
version = "0.1.10"
source = "registry+https://github.com/rust-lang/crates.io-index"
checksum = "4785bdd1c96b2a846b2bd7cc02e86b6b3dbf14e7e53446c4f54c92a361040822"

[[package]]
name = "crunch"
version = "0.5.3"
source = "registry+https://github.com/rust-lang/crates.io-index"
checksum = "0dc013e70da3bfe5b552de26a1f34ecf67d61ea811251d2bf75c1324a1ecb425"

[[package]]
name = "drying_paint"
version = "0.5.2"
source = "registry+https://github.com/rust-lang/crates.io-index"
checksum = "cb3266ed033cf603a493647e0ea468add5db078e908477345a427ffe588d4b4e"

[[package]]
name = "inline_tweak"
version = "1.0.8"
source = "registry+https://github.com/rust-lang/crates.io-index"
checksum = "7033e97b20277cc0d043226d1940fa7719ff08d2305d1fc7421e53066d00eb4b"
dependencies = [
 "lazy_static",
]

[[package]]
name = "lazy_static"
version = "1.4.0"
source = "registry+https://github.com/rust-lang/crates.io-index"
checksum = "e2abad23fbc42b3700f2f279844dc832adb2b2eb069b2df918f455c4e18cc646"

[[package]]
name = "libc"
version = "0.2.76"
source = "registry+https://github.com/rust-lang/crates.io-index"
checksum = "755456fae044e6fa1ebbbd1b3e902ae19e73097ed4ed87bb79934a867c007bc3"

[[package]]
name = "sdl2"
version = "0.33.0"
source = "registry+https://github.com/rust-lang/crates.io-index"
checksum = "1f74124048ea86b5cd50236b2443f6f57cf4625a8e8818009b4e50dbb8729a43"
dependencies = [
 "bitflags",
 "lazy_static",
 "libc",
 "sdl2-sys",
]

[[package]]
name = "sdl2-sys"
version = "0.33.0"
source = "registry+https://github.com/rust-lang/crates.io-index"
checksum = "c2e1deb61ff274d29fb985017d4611d4004b113676eaa9c06754194caf82094e"
dependencies = [
 "cfg-if",
 "libc",
]

[[package]]
name = "suzy"
version = "0.3.0-dev0"
dependencies = [
 "drying_paint",
 "inline_tweak",
 "sdl2",
 "suzy-default-font",
]

[[package]]
name = "suzy-default-font"
version = "0.0.1"

[[package]]
name = "suzy_build_tools"
version = "0.0.2-dev0"
dependencies = [
 "blurry",
]

[[package]]
name = "ttf-parser"
version = "0.18.1"
source = "registry+https://github.com/rust-lang/crates.io-index"
checksum = "0609f771ad9c6155384897e1df4d948e692667cc0588548b68eb44d052b27633"
